<?xml version="1.0" encoding="utf-8"?>
<Project ToolsVersion="4.0" xmlns="http://schemas.microsoft.com/developer/msbuild/2003">
  <ItemGroup>
    <Filter Include="ParticleRenderer">
      <UniqueIdentifier>{28df7bec-f9c8-4209-8d9e-01fcafa7ffed}</UniqueIdentifier>
    </Filter>
    <Filter Include="ParticleSimulation">
      <UniqueIdentifier>{bfc45c10-2346-4625-b46f-5aa857f46ce3}</UniqueIdentifier>
    </Filter>
    <Filter Include="Utilities">
      <UniqueIdentifier>{b088d4f3-64af-4727-896b-b7fd78f27c28}</UniqueIdentifier>
    </Filter>
    <Filter Include="Utilities\cgtk">
      <UniqueIdentifier>{86eab8d4-1291-4932-bd0e-59df468de514}</UniqueIdentifier>
    </Filter>
    <Filter Include="ParticleRenderer\ParticleRenderer02">
      <UniqueIdentifier>{befc80be-d092-4803-a7d1-188f07ea1df9}</UniqueIdentifier>
    </Filter>
    <Filter Include="ParticleRenderer\ParticleRenderer01">
      <UniqueIdentifier>{297b71f6-951b-4919-b55d-679418052043}</UniqueIdentifier>
    </Filter>
    <Filter Include="ParticleSimulation\BoundaryHandling">
      <UniqueIdentifier>{776620a6-622f-4c37-b53d-065ab7078385}</UniqueIdentifier>
    </Filter>
    <Filter Include="ParticleSimulation\BoundaryHandling\ObstacleGrid">
      <UniqueIdentifier>{477f1d53-6cb5-4efc-964c-518b0527745d}</UniqueIdentifier>
    </Filter>
    <Filter Include="ParticleSimulation\BoundaryHandling\ObstacleRenderer">
      <UniqueIdentifier>{49c5a0b6-ec39-402d-85fc-f8840ef7a485}</UniqueIdentifier>
    </Filter>
    <Filter Include="Utilities\math">
      <UniqueIdentifier>{60c13aff-403a-4f2d-b2eb-2f74e37eb347}</UniqueIdentifier>
    </Filter>
    <Filter Include="ParticleSimulation\ParticleSimulation">
      <UniqueIdentifier>{65308a25-48d9-4e2c-9656-ac57047a8f16}</UniqueIdentifier>
    </Filter>
    <Filter Include="Utilities\ppm">
      <UniqueIdentifier>{d09a769d-7ce9-46dd-82f2-a290f20f4679}</UniqueIdentifier>
    </Filter>
    <Filter Include="ParticleSimulation\BoundaryMap">
      <UniqueIdentifier>{bd5cb814-4d1b-4606-80e2-9f1234f6148d}</UniqueIdentifier>
    </Filter>
    <Filter Include="ParticleRenderer\Two Scale State">
      <UniqueIdentifier>{d905605a-d4dc-4964-b5ad-db55ad4ee18e}</UniqueIdentifier>
    </Filter>
    <Filter Include="ParticleRenderer\Two Scale State Sub">
      <UniqueIdentifier>{1990c102-08e7-47f7-9257-6f50ad033b5e}</UniqueIdentifier>
    </Filter>
  </ItemGroup>
  <ItemGroup>
    <None Include="particle_renderer01_f.glsl">
      <Filter>ParticleRenderer\ParticleRenderer01</Filter>
    </None>
    <None Include="particle_renderer01_g.glsl">
      <Filter>ParticleRenderer\ParticleRenderer01</Filter>
    </None>
    <None Include="particle_renderer01_v.glsl">
      <Filter>ParticleRenderer\ParticleRenderer01</Filter>
    </None>
    <None Include="particle_renderer02_f.glsl">
      <Filter>ParticleRenderer\ParticleRenderer02</Filter>
    </None>
    <None Include="particle_renderer02_g.glsl">
      <Filter>ParticleRenderer\ParticleRenderer02</Filter>
    </None>
    <None Include="particle_renderer02_v.glsl">
      <Filter>ParticleRenderer\ParticleRenderer02</Filter>
    </None>
    <None Include="obstacle_renderer_f.glsl">
      <Filter>ParticleSimulation\BoundaryHandling\ObstacleRenderer</Filter>
    </None>
    <None Include="obstacle_renderer_v.glsl">
      <Filter>ParticleSimulation\BoundaryHandling\ObstacleRenderer</Filter>
    </None>
    <None Include="obstacle_renderer_bb_v.glsl">
      <Filter>ParticleSimulation\BoundaryHandling\ObstacleRenderer</Filter>
    </None>
    <None Include="obstacle_renderer_bb_g.glsl">
      <Filter>ParticleSimulation\BoundaryHandling\ObstacleRenderer</Filter>
    </None>
    <None Include="obstacle_renderer_bb_f.glsl">
      <Filter>ParticleSimulation\BoundaryHandling\ObstacleRenderer</Filter>
    </None>
    <None Include="sparse_voxel_map.inl">
      <Filter>Utilities\math</Filter>
    </None>
    <None Include="SpatialHashMap.inl">
      <Filter>Utilities\math</Filter>
    </None>
    <None Include="twoscalestate_f.glsl">
      <Filter>ParticleRenderer\Two Scale State</Filter>
    </None>
    <None Include="twoscalestate_g.glsl">
      <Filter>ParticleRenderer\Two Scale State</Filter>
    </None>
    <None Include="twoscalestate_v.glsl">
      <Filter>ParticleRenderer\Two Scale State</Filter>
    </None>
    <None Include="twoscalestatesub_f.glsl">
      <Filter>ParticleRenderer\Two Scale State Sub</Filter>
    </None>
    <None Include="twoscalestatesub_g.glsl">
      <Filter>ParticleRenderer\Two Scale State Sub</Filter>
    </None>
    <None Include="twoscalestatesub_v.glsl">
      <Filter>ParticleRenderer\Two Scale State Sub</Filter>
    </None>
  </ItemGroup>
  <ItemGroup>
    <ClCompile Include="cgtk\src\clock.c">
      <Filter>Utilities\cgtk</Filter>
    </ClCompile>
    <ClCompile Include="cgtk\src\error.c">
      <Filter>Utilities\cgtk</Filter>
    </ClCompile>
    <ClCompile Include="cgtk\src\geometry.c">
      <Filter>Utilities\cgtk</Filter>
    </ClCompile>
    <ClCompile Include="cgtk\src\math.c">
      <Filter>Utilities\cgtk</Filter>
    </ClCompile>
    <ClCompile Include="cgtk\src\opengl.c">
      <Filter>Utilities\cgtk</Filter>
    </ClCompile>
    <ClCompile Include="main.cpp" />
    <ClCompile Include="particle_renderer01.cpp">
      <Filter>ParticleRenderer\ParticleRenderer01</Filter>
    </ClCompile>
    <ClCompile Include="particle_renderer02.cpp">
      <Filter>ParticleRenderer\ParticleRenderer02</Filter>
    </ClCompile>
    <ClCompile Include="obstacle_renderer.cpp">
      <Filter>ParticleSimulation\BoundaryHandling\ObstacleRenderer</Filter>
    </ClCompile>
    <ClCompile Include="vector3f.cpp">
      <Filter>Utilities\math</Filter>
    </ClCompile>
    <ClCompile Include="rectangle3f.cpp">
      <Filter>Utilities\math</Filter>
    </ClCompile>
    <ClCompile Include="portable_pixmap.cpp">
      <Filter>Utilities\ppm</Filter>
    </ClCompile>
    <ClCompile Include="triangle_mesh.cpp">
      <Filter>Utilities\math</Filter>
    </ClCompile>
    <ClCompile Include="point_in_mesh_test.cpp">
      <Filter>Utilities\math</Filter>
    </ClCompile>
    <ClCompile Include="boundary_map.cpp">
      <Filter>ParticleSimulation\BoundaryMap</Filter>
    </ClCompile>
    <ClCompile Include="util.cpp">
      <Filter>Utilities</Filter>
    </ClCompile>
    <ClCompile Include="twoscalestate.cpp">
      <Filter>ParticleRenderer\Two Scale State</Filter>
    </ClCompile>
    <ClCompile Include="twoscalestatesub.cpp">
      <Filter>ParticleRenderer\Two Scale State Sub</Filter>
    </ClCompile>
  </ItemGroup>
  <ItemGroup>
    <ClInclude Include="util.h">
      <Filter>Utilities</Filter>
    </ClInclude>
    <ClInclude Include="cgtk\include\clock.h">
      <Filter>Utilities\cgtk</Filter>
    </ClInclude>
    <ClInclude Include="cgtk\include\error.h">
      <Filter>Utilities\cgtk</Filter>
    </ClInclude>
    <ClInclude Include="cgtk\include\geometry.h">
      <Filter>Utilities\cgtk</Filter>
    </ClInclude>
    <ClInclude Include="cgtk\include\math.h">
      <Filter>Utilities\cgtk</Filter>
    </ClInclude>
    <ClInclude Include="cgtk\include\opengl.h">
      <Filter>Utilities\cgtk</Filter>
    </ClInclude>
    <ClInclude Include="particle_renderer01.h">
      <Filter>ParticleRenderer\ParticleRenderer01</Filter>
    </ClInclude>
    <ClInclude Include="particle_renderer02.h">
      <Filter>ParticleRenderer\ParticleRenderer02</Filter>
    </ClInclude>
    <ClInclude Include="obstacle_grid.h">
      <Filter>ParticleSimulation\BoundaryHandling\ObstacleGrid</Filter>
    </ClInclude>
    <ClInclude Include="obstacle_renderer.h">
      <Filter>ParticleSimulation\BoundaryHandling\ObstacleRenderer</Filter>
    </ClInclude>
    <ClInclude Include="rectangle3f.h">
      <Filter>Utilities\math</Filter>
    </ClInclude>
    <ClInclude Include="vector3f.h">
      <Filter>Utilities\math</Filter>
    </ClInclude>
    <ClInclude Include="particle_simulation.h">
      <Filter>ParticleSimulation\ParticleSimulation</Filter>
    </ClInclude>
    <ClInclude Include="portable_pixmap.h">
      <Filter>Utilities\ppm</Filter>
    </ClInclude>
    <ClInclude Include="triangle_mesh.h">
      <Filter>Utilities\math</Filter>
    </ClInclude>
    <ClInclude Include="point_in_mesh_test.h">
      <Filter>Utilities\math</Filter>
    </ClInclude>
    <ClInclude Include="sparse_voxel_map.h">
      <Filter>Utilities\math</Filter>
    </ClInclude>
    <ClInclude Include="boundary_map.h">
      <Filter>ParticleSimulation\BoundaryMap</Filter>
    </ClInclude>
    <ClInclude Include="SpatialHashMap.h">
      <Filter>Utilities\math</Filter>
    </ClInclude>
    <ClInclude Include="twoscalestate.h">
      <Filter>ParticleRenderer\Two Scale State</Filter>
    </ClInclude>
    <ClInclude Include="twoscalestatesub.h">
      <Filter>ParticleRenderer\Two Scale State Sub</Filter>
    </ClInclude>
  </ItemGroup>
  <ItemGroup>
    <CudaCompile Include="obstacle_grid.cpp">
      <Filter>ParticleSimulation\BoundaryHandling\ObstacleGrid</Filter>
    </CudaCompile>
    <CudaCompile Include="particle_simulation.cu">
      <Filter>ParticleSimulation\ParticleSimulation</Filter>
    </CudaCompile>
  </ItemGroup>
</Project>